
Microsoft Visual Studio Solution File, Format Version 12.00
# Visual Studio Version 16
VisualStudioVersion = 16.0.30413.136
MinimumVisualStudioVersion = 10.0.40219.1
Project("{9A19103F-16F7-4668-BE54-9A1E7A4F7556}") = "WebApplication", "WebApplication\WebApplication.csproj", "{A1EA6C15-35D7-4960-9EA4-47F81467C10C}"
EndProject
Project("{9A19103F-16F7-4668-BE54-9A1E7A4F7556}") = "ViewModels", "ViewModels\ViewModels.csproj", "{C9DD88CE-75C6-4A34-8A19-6A1731FE9352}"
EndProject
Project("{9A19103F-16F7-4668-BE54-9A1E7A4F7556}") = "Services", "Services\Services.csproj", "{50EAE992-8D91-42A9-AA70-1B91F6E51AAA}"
EndProject
Project("{9A19103F-16F7-4668-BE54-9A1E7A4F7556}") = "BusinessLogic", "BusinessLogic\BusinessLogic.csproj", "{12FD40CA-4BD4-4635-A582-3BB7FBD1D9EB}"
EndProject
Project("{9A19103F-16F7-4668-BE54-9A1E7A4F7556}") = "Common", "Common\Common.csproj", "{3830E809-C369-4D9B-B1DC-E7A34C39BA3E}"
EndProject
Global
	GlobalSection(SolutionConfigurationPlatforms) = preSolution
		Debug|Any CPU = Debug|Any CPU
		Release|Any CPU = Release|Any CPU
	EndGlobalSection
	GlobalSection(ProjectConfigurationPlatforms) = postSolution
		{A1EA6C15-35D7-4960-9EA4-47F81467C10C}.Debug|Any CPU.ActiveCfg = Debug|Any CPU
		{A1EA6C15-35D7-4960-9EA4-47F81467C10C}.Debug|Any CPU.Build.0 = Debug|Any CPU
		{A1EA6C15-35D7-4960-9EA4-47F81467C10C}.Release|Any CPU.ActiveCfg = Release|Any CPU
		{A1EA6C15-35D7-4960-9EA4-47F81467C10C}.Release|Any CPU.Build.0 = Release|Any CPU
		{C9DD88CE-75C6-4A34-8A19-6A1731FE9352}.Debug|Any CPU.ActiveCfg = Debug|Any CPU
		{C9DD88CE-75C6-4A34-8A19-6A1731FE9352}.Debug|Any CPU.Build.0 = Debug|Any CPU
		{C9DD88CE-75C6-4A34-8A19-6A1731FE9352}.Release|Any CPU.ActiveCfg = Release|Any CPU
		{C9DD88CE-75C6-4A34-8A19-6A1731FE9352}.Release|Any CPU.Build.0 = Release|Any CPU
		{50EAE992-8D91-42A9-AA70-1B91F6E51AAA}.Debug|Any CPU.ActiveCfg = Debug|Any CPU
		{50EAE992-8D91-42A9-AA70-1B91F6E51AAA}.Debug|Any CPU.Build.0 = Debug|Any CPU
		{50EAE992-8D91-42A9-AA70-1B91F6E51AAA}.Release|Any CPU.ActiveCfg = Release|Any CPU
		{50EAE992-8D91-42A9-AA70-1B91F6E51AAA}.Release|Any CPU.Build.0 = Release|Any CPU
		{12FD40CA-4BD4-4635-A582-3BB7FBD1D9EB}.Debug|Any CPU.ActiveCfg = Debug|Any CPU
		{12FD40CA-4BD4-4635-A582-3BB7FBD1D9EB}.Debug|Any CPU.Build.0 = Debug|Any CPU
		{12FD40CA-4BD4-4635-A582-3BB7FBD1D9EB}.Release|Any CPU.ActiveCfg = Release|Any CPU
		{12FD40CA-4BD4-4635-A582-3BB7FBD1D9EB}.Release|Any CPU.Build.0 = Release|Any CPU
		{3830E809-C369-4D9B-B1DC-E7A34C39BA3E}.Debug|Any CPU.ActiveCfg = Debug|Any CPU
		{3830E809-C369-4D9B-B1DC-E7A34C39BA3E}.Debug|Any CPU.Build.0 = Debug|Any CPU
		{3830E809-C369-4D9B-B1DC-E7A34C39BA3E}.Release|Any CPU.ActiveCfg = Release|Any CPU
		{3830E809-C369-4D9B-B1DC-E7A34C39BA3E}.Release|Any CPU.Build.0 = Release|Any CPU
	EndGlobalSection
	GlobalSection(SolutionProperties) = preSolution
		HideSolutionNode = FALSE
	EndGlobalSection
	GlobalSection(ExtensibilityGlobals) = postSolution
		SolutionGuid = {126C323C-7857-4D6F-B04E-AFCA1AF60429}
	EndGlobalSection
EndGlobal
